
Microsoft Visual Studio Solution File, Format Version 12.00
# Visual Studio Version 17
VisualStudioVersion = 17.10.34928.147
MinimumVisualStudioVersion = 10.0.40219.1
Project("{2150E333-8FDC-42A3-9474-1A3956D46DE8}") = "Api.Gateways", "Api.Gateways", "{CB973463-F57B-4C54-8DEB-788B50E83E76}"
EndProject
Project("{2150E333-8FDC-42A3-9474-1A3956D46DE8}") = "Clients", "Clients", "{F0BEC6CE-BC9F-4606-B09A-52EBE4D12B22}"
EndProject
Project("{2150E333-8FDC-42A3-9474-1A3956D46DE8}") = "Services", "Services", "{55C7A6A9-FDC1-453E-8578-6B8BF3670F39}"
EndProject
Project("{2150E333-8FDC-42A3-9474-1A3956D46DE8}") = "Combustible", "Combustible", "{279DB600-40BF-4969-B00A-CA16F6BC813C}"
EndProject
Project("{2150E333-8FDC-42A3-9474-1A3956D46DE8}") = "Estacion", "Estacion", "{C3FC1E0A-B50D-4CE7-8B23-DB83BA64C4F3}"
EndProject
Project("{2150E333-8FDC-42A3-9474-1A3956D46DE8}") = "Ventas", "Ventas", "{2CBD1405-141B-423C-9724-F9EA8763F035}"
EndProject
Project("{2150E333-8FDC-42A3-9474-1A3956D46DE8}") = "Clientes", "Clientes", "{C324A5A8-CF3C-49C1-BBB0-5AB25551CB13}"
EndProject
Project("{2150E333-8FDC-42A3-9474-1A3956D46DE8}") = "Productos", "Productos", "{DF625D45-D4AA-43D7-9A9D-BD820D784900}"
EndProject
Project("{FAE04EC0-301F-11D3-BF4B-00C04F79EFBC}") = "Productos.Api", "src\Services\Productos\Productos.Api\Productos.Api.csproj", "{B3FB57F7-F80F-4E8D-9230-2095A4F7B3BC}"
EndProject
Global
	GlobalSection(SolutionConfigurationPlatforms) = preSolution
		Debug|Any CPU = Debug|Any CPU
		Release|Any CPU = Release|Any CPU
	EndGlobalSection
	GlobalSection(ProjectConfigurationPlatforms) = postSolution
		{B3FB57F7-F80F-4E8D-9230-2095A4F7B3BC}.Debug|Any CPU.ActiveCfg = Debug|Any CPU
		{B3FB57F7-F80F-4E8D-9230-2095A4F7B3BC}.Debug|Any CPU.Build.0 = Debug|Any CPU
		{B3FB57F7-F80F-4E8D-9230-2095A4F7B3BC}.Release|Any CPU.ActiveCfg = Release|Any CPU
		{B3FB57F7-F80F-4E8D-9230-2095A4F7B3BC}.Release|Any CPU.Build.0 = Release|Any CPU
	EndGlobalSection
	GlobalSection(SolutionProperties) = preSolution
		HideSolutionNode = FALSE
	EndGlobalSection
	GlobalSection(NestedProjects) = preSolution
		{279DB600-40BF-4969-B00A-CA16F6BC813C} = {55C7A6A9-FDC1-453E-8578-6B8BF3670F39}
		{C3FC1E0A-B50D-4CE7-8B23-DB83BA64C4F3} = {55C7A6A9-FDC1-453E-8578-6B8BF3670F39}
		{2CBD1405-141B-423C-9724-F9EA8763F035} = {55C7A6A9-FDC1-453E-8578-6B8BF3670F39}
		{C324A5A8-CF3C-49C1-BBB0-5AB25551CB13} = {55C7A6A9-FDC1-453E-8578-6B8BF3670F39}
		{DF625D45-D4AA-43D7-9A9D-BD820D784900} = {55C7A6A9-FDC1-453E-8578-6B8BF3670F39}
		{B3FB57F7-F80F-4E8D-9230-2095A4F7B3BC} = {DF625D45-D4AA-43D7-9A9D-BD820D784900}
	EndGlobalSection
	GlobalSection(ExtensibilityGlobals) = postSolution
		SolutionGuid = {B93B7221-DDB1-43FB-8D3B-77F156967871}
	EndGlobalSection
EndGlobal
