
Microsoft Visual Studio Solution File, Format Version 12.00
# Visual Studio Version 17
VisualStudioVersion = 17.10.34928.147
MinimumVisualStudioVersion = 10.0.40219.1
Project("{2150E333-8FDC-42A3-9474-1A3956D46DE8}") = "Api.Gateways", "Api.Gateways", "{CB973463-F57B-4C54-8DEB-788B50E83E76}"
EndProject
Project("{2150E333-8FDC-42A3-9474-1A3956D46DE8}") = "Clients", "Clients", "{F0BEC6CE-BC9F-4606-B09A-52EBE4D12B22}"
EndProject
Project("{2150E333-8FDC-42A3-9474-1A3956D46DE8}") = "Services", "Services", "{55C7A6A9-FDC1-453E-8578-6B8BF3670F39}"
EndProject
Project("{2150E333-8FDC-42A3-9474-1A3956D46DE8}") = "Combustible", "Combustible", "{279DB600-40BF-4969-B00A-CA16F6BC813C}"
EndProject
Project("{2150E333-8FDC-42A3-9474-1A3956D46DE8}") = "Estacion", "Estacion", "{C3FC1E0A-B50D-4CE7-8B23-DB83BA64C4F3}"
EndProject
Project("{2150E333-8FDC-42A3-9474-1A3956D46DE8}") = "Ventas", "Ventas", "{2CBD1405-141B-423C-9724-F9EA8763F035}"
EndProject
Project("{2150E333-8FDC-42A3-9474-1A3956D46DE8}") = "Clientes", "Clientes", "{C324A5A8-CF3C-49C1-BBB0-5AB25551CB13}"
EndProject
Project("{2150E333-8FDC-42A3-9474-1A3956D46DE8}") = "Productos", "Productos", "{DF625D45-D4AA-43D7-9A9D-BD820D784900}"
EndProject
Project("{2150E333-8FDC-42A3-9474-1A3956D46DE8}") = "API", "API", "{D33A9D41-E7B9-43EA-985F-73ED7C3565A0}"
EndProject
Project("{2150E333-8FDC-42A3-9474-1A3956D46DE8}") = "Services", "Services", "{B85786A4-68AD-41DC-9987-32AFF37A2A17}"
EndProject
Project("{2150E333-8FDC-42A3-9474-1A3956D46DE8}") = "Persistence", "Persistence", "{4B798657-D4EF-4BF9-8562-D48E0B871355}"
EndProject
Project("{2150E333-8FDC-42A3-9474-1A3956D46DE8}") = "Models", "Models", "{66717726-48C4-4FAD-9678-5A38E17DEAE7}"
EndProject
Project("{9A19103F-16F7-4668-BE54-9A1E7A4F7556}") = "Productos.Domain", "src\Services\Productos\Productos.Domain\Productos.Domain.csproj", "{56581A70-ACA2-48DE-8EF0-77F32B32ACF1}"
EndProject
Project("{9A19103F-16F7-4668-BE54-9A1E7A4F7556}") = "Productos.Persistence.Database", "src\Services\Productos\Producto.Persistence.Database\Productos.Persistence.Database.csproj", "{879F3F72-19BA-4F98-8242-20252F576FD5}"
EndProject
Project("{FAE04EC0-301F-11D3-BF4B-00C04F79EFBC}") = "Productos.Api", "src\Services\Productos\Productos.Api\Productos.Api.csproj", "{94F724BF-349F-42B9-AFC9-E47ECBFA49D8}"
EndProject
Project("{FAE04EC0-301F-11D3-BF4B-00C04F79EFBC}") = "Productos.Services.Querys", "src\Services\Productos\Productos.Services.Querys\Productos.Services.Querys.csproj", "{21561B29-336F-4CCF-A50E-7AA8CE51A02F}"
EndProject
Global
	GlobalSection(SolutionConfigurationPlatforms) = preSolution
		Debug|Any CPU = Debug|Any CPU
		Release|Any CPU = Release|Any CPU
	EndGlobalSection
	GlobalSection(ProjectConfigurationPlatforms) = postSolution
		{56581A70-ACA2-48DE-8EF0-77F32B32ACF1}.Debug|Any CPU.ActiveCfg = Debug|Any CPU
		{56581A70-ACA2-48DE-8EF0-77F32B32ACF1}.Debug|Any CPU.Build.0 = Debug|Any CPU
		{56581A70-ACA2-48DE-8EF0-77F32B32ACF1}.Release|Any CPU.ActiveCfg = Release|Any CPU
		{56581A70-ACA2-48DE-8EF0-77F32B32ACF1}.Release|Any CPU.Build.0 = Release|Any CPU
		{879F3F72-19BA-4F98-8242-20252F576FD5}.Debug|Any CPU.ActiveCfg = Debug|Any CPU
		{879F3F72-19BA-4F98-8242-20252F576FD5}.Debug|Any CPU.Build.0 = Debug|Any CPU
		{879F3F72-19BA-4F98-8242-20252F576FD5}.Release|Any CPU.ActiveCfg = Release|Any CPU
		{879F3F72-19BA-4F98-8242-20252F576FD5}.Release|Any CPU.Build.0 = Release|Any CPU
		{94F724BF-349F-42B9-AFC9-E47ECBFA49D8}.Debug|Any CPU.ActiveCfg = Debug|Any CPU
		{94F724BF-349F-42B9-AFC9-E47ECBFA49D8}.Debug|Any CPU.Build.0 = Debug|Any CPU
		{94F724BF-349F-42B9-AFC9-E47ECBFA49D8}.Release|Any CPU.ActiveCfg = Release|Any CPU
		{94F724BF-349F-42B9-AFC9-E47ECBFA49D8}.Release|Any CPU.Build.0 = Release|Any CPU
		{21561B29-336F-4CCF-A50E-7AA8CE51A02F}.Debug|Any CPU.ActiveCfg = Debug|Any CPU
		{21561B29-336F-4CCF-A50E-7AA8CE51A02F}.Debug|Any CPU.Build.0 = Debug|Any CPU
		{21561B29-336F-4CCF-A50E-7AA8CE51A02F}.Release|Any CPU.ActiveCfg = Release|Any CPU
		{21561B29-336F-4CCF-A50E-7AA8CE51A02F}.Release|Any CPU.Build.0 = Release|Any CPU
	EndGlobalSection
	GlobalSection(SolutionProperties) = preSolution
		HideSolutionNode = FALSE
	EndGlobalSection
	GlobalSection(NestedProjects) = preSolution
		{279DB600-40BF-4969-B00A-CA16F6BC813C} = {55C7A6A9-FDC1-453E-8578-6B8BF3670F39}
		{C3FC1E0A-B50D-4CE7-8B23-DB83BA64C4F3} = {55C7A6A9-FDC1-453E-8578-6B8BF3670F39}
		{2CBD1405-141B-423C-9724-F9EA8763F035} = {55C7A6A9-FDC1-453E-8578-6B8BF3670F39}
		{C324A5A8-CF3C-49C1-BBB0-5AB25551CB13} = {55C7A6A9-FDC1-453E-8578-6B8BF3670F39}
		{DF625D45-D4AA-43D7-9A9D-BD820D784900} = {55C7A6A9-FDC1-453E-8578-6B8BF3670F39}
		{D33A9D41-E7B9-43EA-985F-73ED7C3565A0} = {DF625D45-D4AA-43D7-9A9D-BD820D784900}
		{B85786A4-68AD-41DC-9987-32AFF37A2A17} = {DF625D45-D4AA-43D7-9A9D-BD820D784900}
		{4B798657-D4EF-4BF9-8562-D48E0B871355} = {DF625D45-D4AA-43D7-9A9D-BD820D784900}
		{66717726-48C4-4FAD-9678-5A38E17DEAE7} = {DF625D45-D4AA-43D7-9A9D-BD820D784900}
		{56581A70-ACA2-48DE-8EF0-77F32B32ACF1} = {66717726-48C4-4FAD-9678-5A38E17DEAE7}
		{879F3F72-19BA-4F98-8242-20252F576FD5} = {4B798657-D4EF-4BF9-8562-D48E0B871355}
		{94F724BF-349F-42B9-AFC9-E47ECBFA49D8} = {D33A9D41-E7B9-43EA-985F-73ED7C3565A0}
		{21561B29-336F-4CCF-A50E-7AA8CE51A02F} = {B85786A4-68AD-41DC-9987-32AFF37A2A17}
	EndGlobalSection
	GlobalSection(ExtensibilityGlobals) = postSolution
		SolutionGuid = {B93B7221-DDB1-43FB-8D3B-77F156967871}
	EndGlobalSection
EndGlobal
